
Microsoft Visual Studio Solution File, Format Version 12.00
# Visual Studio Version 17
VisualStudioVersion = 17.5.001.0
MinimumVisualStudioVersion = 10.0.40219.1
Project("{9A19103F-16F7-4668-BE54-9A1E7A4F7556}") = "ServiceA", "ServiceA\ServiceA.csproj", "{04248EE8-3688-4EB8-B002-3AB1FD9ED7F2}"
EndProject
Project("{9A19103F-16F7-4668-BE54-9A1E7A4F7556}") = "ServiceB", "ServiceB\ServiceB.csproj", "{94F5ABFA-FBC0-4EBE-9AAE-39DB18C54701}"
EndProject
Project("{9A19103F-16F7-4668-BE54-9A1E7A4F7556}") = "ServiceC", "ServiceC\ServiceC.csproj", "{A30886C3-0F96-4D12-BD2C-7FA68513D1BA}"
EndProject
Project("{9A19103F-16F7-4668-BE54-9A1E7A4F7556}") = "Shared", "Shared\Shared.csproj", "{88A16EB6-32C9-4952-9E9D-A963AA4599AD}"
EndProject
Global
	GlobalSection(SolutionConfigurationPlatforms) = preSolution
		Debug|Any CPU = Debug|Any CPU
		Release|Any CPU = Release|Any CPU
	EndGlobalSection
	GlobalSection(ProjectConfigurationPlatforms) = postSolution
		{04248EE8-3688-4EB8-B002-3AB1FD9ED7F2}.Debug|Any CPU.ActiveCfg = Debug|Any CPU
		{04248EE8-3688-4EB8-B002-3AB1FD9ED7F2}.Debug|Any CPU.Build.0 = Debug|Any CPU
		{04248EE8-3688-4EB8-B002-3AB1FD9ED7F2}.Release|Any CPU.ActiveCfg = Release|Any CPU
		{04248EE8-3688-4EB8-B002-3AB1FD9ED7F2}.Release|Any CPU.Build.0 = Release|Any CPU
		{94F5ABFA-FBC0-4EBE-9AAE-39DB18C54701}.Debug|Any CPU.ActiveCfg = Debug|Any CPU
		{94F5ABFA-FBC0-4EBE-9AAE-39DB18C54701}.Debug|Any CPU.Build.0 = Debug|Any CPU
		{94F5ABFA-FBC0-4EBE-9AAE-39DB18C54701}.Release|Any CPU.ActiveCfg = Release|Any CPU
		{94F5ABFA-FBC0-4EBE-9AAE-39DB18C54701}.Release|Any CPU.Build.0 = Release|Any CPU
		{A30886C3-0F96-4D12-BD2C-7FA68513D1BA}.Debug|Any CPU.ActiveCfg = Debug|Any CPU
		{A30886C3-0F96-4D12-BD2C-7FA68513D1BA}.Debug|Any CPU.Build.0 = Debug|Any CPU
		{A30886C3-0F96-4D12-BD2C-7FA68513D1BA}.Release|Any CPU.ActiveCfg = Release|Any CPU
		{A30886C3-0F96-4D12-BD2C-7FA68513D1BA}.Release|Any CPU.Build.0 = Release|Any CPU
		{88A16EB6-32C9-4952-9E9D-A963AA4599AD}.Debug|Any CPU.ActiveCfg = Debug|Any CPU
		{88A16EB6-32C9-4952-9E9D-A963AA4599AD}.Debug|Any CPU.Build.0 = Debug|Any CPU
		{88A16EB6-32C9-4952-9E9D-A963AA4599AD}.Release|Any CPU.ActiveCfg = Release|Any CPU
		{88A16EB6-32C9-4952-9E9D-A963AA4599AD}.Release|Any CPU.Build.0 = Release|Any CPU
	EndGlobalSection
	GlobalSection(SolutionProperties) = preSolution
		HideSolutionNode = FALSE
	EndGlobalSection
	GlobalSection(ExtensibilityGlobals) = postSolution
		SolutionGuid = {7D6A7D1E-9E87-463C-9AC3-88821A01CEC0}
	EndGlobalSection
EndGlobal
